
Microsoft Visual Studio Solution File, Format Version 12.00
# Visual Studio Version 17
VisualStudioVersion = 17.4.33205.214
MinimumVisualStudioVersion = 10.0.40219.1
Project("{FAE04EC0-301F-11D3-BF4B-00C04F79EFBC}") = "ContactsCRUD.Server", "ContactsCRUD\Server\ContactsCRUD.Server.csproj", "{A99ACE47-B2FB-45ED-B4B5-D6BC81905192}"
EndProject
Project("{FAE04EC0-301F-11D3-BF4B-00C04F79EFBC}") = "ContactsCRUD.Client", "ContactsCRUD\Client\ContactsCRUD.Client.csproj", "{4634B8E0-506E-4B2D-9A50-5EE46C114DE2}"
EndProject
Project("{FAE04EC0-301F-11D3-BF4B-00C04F79EFBC}") = "ContactsCRUD.Shared", "ContactsCRUD\Shared\ContactsCRUD.Shared.csproj", "{F476D5A4-4CBC-486D-B3F9-5338D104DBD6}"
EndProject
Global
	GlobalSection(SolutionConfigurationPlatforms) = preSolution
		Debug|Any CPU = Debug|Any CPU
		Release|Any CPU = Release|Any CPU
	EndGlobalSection
	GlobalSection(ProjectConfigurationPlatforms) = postSolution
		{A99ACE47-B2FB-45ED-B4B5-D6BC81905192}.Debug|Any CPU.ActiveCfg = Debug|Any CPU
		{A99ACE47-B2FB-45ED-B4B5-D6BC81905192}.Debug|Any CPU.Build.0 = Debug|Any CPU
		{A99ACE47-B2FB-45ED-B4B5-D6BC81905192}.Release|Any CPU.ActiveCfg = Release|Any CPU
		{A99ACE47-B2FB-45ED-B4B5-D6BC81905192}.Release|Any CPU.Build.0 = Release|Any CPU
		{4634B8E0-506E-4B2D-9A50-5EE46C114DE2}.Debug|Any CPU.ActiveCfg = Debug|Any CPU
		{4634B8E0-506E-4B2D-9A50-5EE46C114DE2}.Debug|Any CPU.Build.0 = Debug|Any CPU
		{4634B8E0-506E-4B2D-9A50-5EE46C114DE2}.Release|Any CPU.ActiveCfg = Release|Any CPU
		{4634B8E0-506E-4B2D-9A50-5EE46C114DE2}.Release|Any CPU.Build.0 = Release|Any CPU
		{F476D5A4-4CBC-486D-B3F9-5338D104DBD6}.Debug|Any CPU.ActiveCfg = Debug|Any CPU
		{F476D5A4-4CBC-486D-B3F9-5338D104DBD6}.Debug|Any CPU.Build.0 = Debug|Any CPU
		{F476D5A4-4CBC-486D-B3F9-5338D104DBD6}.Release|Any CPU.ActiveCfg = Release|Any CPU
		{F476D5A4-4CBC-486D-B3F9-5338D104DBD6}.Release|Any CPU.Build.0 = Release|Any CPU
	EndGlobalSection
	GlobalSection(SolutionProperties) = preSolution
		HideSolutionNode = FALSE
	EndGlobalSection
	GlobalSection(ExtensibilityGlobals) = postSolution
		SolutionGuid = {5CD1AD5E-DA67-484D-8F63-AB9B31968A89}
	EndGlobalSection
EndGlobal
